
Microsoft Visual Studio Solution File, Format Version 12.00
# Visual Studio Version 17
VisualStudioVersion = 17.12.35527.113 d17.12
MinimumVisualStudioVersion = 10.0.40219.1
Project("{FAE04EC0-301F-11D3-BF4B-00C04F79EFBC}") = "1. Calculate the formula", "1. Calculate the formula\1. Calculate the formula.csproj", "{947DAFB3-B407-4FD8-A5A0-A4CC8FCDFE0D}"
EndProject
Global
	GlobalSection(SolutionConfigurationPlatforms) = preSolution
		Debug|Any CPU = Debug|Any CPU
		Release|Any CPU = Release|Any CPU
	EndGlobalSection
	GlobalSection(ProjectConfigurationPlatforms) = postSolution
		{947DAFB3-B407-4FD8-A5A0-A4CC8FCDFE0D}.Debug|Any CPU.ActiveCfg = Debug|Any CPU
		{947DAFB3-B407-4FD8-A5A0-A4CC8FCDFE0D}.Debug|Any CPU.Build.0 = Debug|Any CPU
		{947DAFB3-B407-4FD8-A5A0-A4CC8FCDFE0D}.Release|Any CPU.ActiveCfg = Release|Any CPU
		{947DAFB3-B407-4FD8-A5A0-A4CC8FCDFE0D}.Release|Any CPU.Build.0 = Release|Any CPU
	EndGlobalSection
	GlobalSection(SolutionProperties) = preSolution
		HideSolutionNode = FALSE
	EndGlobalSection
EndGlobal
